
Microsoft Visual Studio Solution File, Format Version 12.00
# Visual Studio Version 16
VisualStudioVersion = 16.0.30225.117
MinimumVisualStudioVersion = 10.0.40219.1
Project("{FAE04EC0-301F-11D3-BF4B-00C04F79EFBC}") = "WSTowerGrupo2.Android", "WSTowerGrupo2\WSTowerGrupo2.Android\WSTowerGrupo2.Android.csproj", "{7BBF886F-C0EA-4EF2-B287-A968A6DF95ED}"
EndProject
Project("{FAE04EC0-301F-11D3-BF4B-00C04F79EFBC}") = "WSTowerGrupo2", "WSTowerGrupo2\WSTowerGrupo2\WSTowerGrupo2.csproj", "{3D05D184-E5B5-4B5D-9425-8CC6117584CC}"
EndProject
Global
	GlobalSection(SolutionConfigurationPlatforms) = preSolution
		Debug|Any CPU = Debug|Any CPU
		Release|Any CPU = Release|Any CPU
	EndGlobalSection
	GlobalSection(ProjectConfigurationPlatforms) = postSolution
		{7BBF886F-C0EA-4EF2-B287-A968A6DF95ED}.Debug|Any CPU.ActiveCfg = Debug|Any CPU
		{7BBF886F-C0EA-4EF2-B287-A968A6DF95ED}.Debug|Any CPU.Build.0 = Debug|Any CPU
		{7BBF886F-C0EA-4EF2-B287-A968A6DF95ED}.Debug|Any CPU.Deploy.0 = Debug|Any CPU
		{7BBF886F-C0EA-4EF2-B287-A968A6DF95ED}.Release|Any CPU.ActiveCfg = Release|Any CPU
		{7BBF886F-C0EA-4EF2-B287-A968A6DF95ED}.Release|Any CPU.Build.0 = Release|Any CPU
		{7BBF886F-C0EA-4EF2-B287-A968A6DF95ED}.Release|Any CPU.Deploy.0 = Release|Any CPU
		{3D05D184-E5B5-4B5D-9425-8CC6117584CC}.Debug|Any CPU.ActiveCfg = Debug|Any CPU
		{3D05D184-E5B5-4B5D-9425-8CC6117584CC}.Debug|Any CPU.Build.0 = Debug|Any CPU
		{3D05D184-E5B5-4B5D-9425-8CC6117584CC}.Debug|Any CPU.Deploy.0 = Debug|Any CPU
		{3D05D184-E5B5-4B5D-9425-8CC6117584CC}.Release|Any CPU.ActiveCfg = Release|Any CPU
		{3D05D184-E5B5-4B5D-9425-8CC6117584CC}.Release|Any CPU.Build.0 = Release|Any CPU
		{3D05D184-E5B5-4B5D-9425-8CC6117584CC}.Release|Any CPU.Deploy.0 = Release|Any CPU
	EndGlobalSection
	GlobalSection(SolutionProperties) = preSolution
		HideSolutionNode = FALSE
	EndGlobalSection
	GlobalSection(ExtensibilityGlobals) = postSolution
		SolutionGuid = {3AFED0E9-C0CB-4ADB-9D18-BF4D865E0501}
	EndGlobalSection
EndGlobal
